<?xml version="1.0" encoding="utf-8"?>
<Project ToolsVersion="4.0" xmlns="http://schemas.microsoft.com/developer/msbuild/2003">
  <ItemGroup>
    <Filter Include="源文件">
      <UniqueIdentifier>{4FC737F1-C7A5-4376-A066-2A32D752A2FF}</UniqueIdentifier>
      <Extensions>cpp;c;cc;cxx;def;odl;idl;hpj;bat;asm;asmx</Extensions>
    </Filter>
    <Filter Include="头文件">
      <UniqueIdentifier>{93995380-89BD-4b04-88EB-625FBE52EBFB}</UniqueIdentifier>
      <Extensions>h;hh;hpp;hxx;hm;inl;inc;ipp;xsd</Extensions>
    </Filter>
    <Filter Include="资源文件">
      <UniqueIdentifier>{67DA6AB6-F800-4c08-8B7A-83BB121AAD01}</UniqueIdentifier>
      <Extensions>rc;ico;cur;bmp;dlg;rc2;rct;bin;rgs;gif;jpg;jpeg;jpe;resx;tiff;tif;png;wav;mfcribbon-ms</Extensions>
    </Filter>
  </ItemGroup>
  <ItemGroup>
    <ClCompile Include="isp_pipeline.cpp">
      <Filter>源文件</Filter>
    </ClCompile>
    <ClCompile Include="isp_util.cpp">
      <Filter>源文件</Filter>
    </ClCompile>
    <ClCompile Include="isp_type.cpp">
      <Filter>源文件</Filter>
    </ClCompile>
    <ClCompile Include="demosaic.cpp">
      <Filter>源文件</Filter>
    </ClCompile>
    <ClCompile Include="blc.cpp">
      <Filter>源文件</Filter>
    </ClCompile>
    <ClCompile Include="cst.cpp">
      <Filter>源文件</Filter>
    </ClCompile>
    <ClCompile Include="gamma.cpp">
      <Filter>源文件</Filter>
    </ClCompile>
    <ClCompile Include="ltm.cpp">
      <Filter>源文件</Filter>
    </ClCompile>
    <ClCompile Include="awb.cpp">
      <Filter>源文件</Filter>
    </ClCompile>
    <ClCompile Include="sharpen.cpp">
      <Filter>源文件</Filter>
    </ClCompile>
    <ClCompile Include="hitogram_equalization.cpp">
      <Filter>源文件</Filter>
    </ClCompile>
    <ClCompile Include="gtm.cpp">
      <Filter>源文件</Filter>
    </ClCompile>
    <ClCompile Include="cc.cpp">
      <Filter>源文件</Filter>
    </ClCompile>
    <ClCompile Include="nr.cpp">
      <Filter>源文件</Filter>
    </ClCompile>
    <ClCompile Include="wb.cpp">
      <Filter>源文件</Filter>
    </ClCompile>
  </ItemGroup>
  <ItemGroup>
    <ClInclude Include="isp_util.h">
      <Filter>头文件</Filter>
    </ClInclude>
    <ClInclude Include="isp_type.h">
      <Filter>头文件</Filter>
    </ClInclude>
    <ClInclude Include="demosaic.h">
      <Filter>头文件</Filter>
    </ClInclude>
    <ClInclude Include="blc.h">
      <Filter>头文件</Filter>
    </ClInclude>
    <ClInclude Include="isp.h">
      <Filter>头文件</Filter>
    </ClInclude>
    <ClInclude Include="cst.h">
      <Filter>头文件</Filter>
    </ClInclude>
    <ClInclude Include="gamma.h">
      <Filter>头文件</Filter>
    </ClInclude>
    <ClInclude Include="ltm.h">
      <Filter>头文件</Filter>
    </ClInclude>
    <ClInclude Include="awb.h">
      <Filter>头文件</Filter>
    </ClInclude>
    <ClInclude Include="sharpen.h">
      <Filter>头文件</Filter>
    </ClInclude>
    <ClInclude Include="hitogram_equalization.h">
      <Filter>头文件</Filter>
    </ClInclude>
    <ClInclude Include="gtm.h">
      <Filter>头文件</Filter>
    </ClInclude>
    <ClInclude Include="cc.h">
      <Filter>头文件</Filter>
    </ClInclude>
    <ClInclude Include="nr.h">
      <Filter>头文件</Filter>
    </ClInclude>
    <ClInclude Include="wb.h">
      <Filter>头文件</Filter>
    </ClInclude>
  </ItemGroup>
</Project>